
Microsoft Visual Studio Solution File, Format Version 12.00
# Visual Studio Version 17
VisualStudioVersion = 17.11.35312.102
MinimumVisualStudioVersion = 10.0.40219.1
Project("{FAE04EC0-301F-11D3-BF4B-00C04F79EFBC}") = "fs-a-2025-blazor-0918-71617", "fs-a-2025-blazor-0918-71617\fs-a-2025-blazor-0918-71617.csproj", "{A289B8AF-CCD7-4E1E-B8EB-46F016C3210B}"
EndProject
Global
	GlobalSection(SolutionConfigurationPlatforms) = preSolution
		Debug|Any CPU = Debug|Any CPU
		Release|Any CPU = Release|Any CPU
	EndGlobalSection
	GlobalSection(ProjectConfigurationPlatforms) = postSolution
		{A289B8AF-CCD7-4E1E-B8EB-46F016C3210B}.Debug|Any CPU.ActiveCfg = Debug|Any CPU
		{A289B8AF-CCD7-4E1E-B8EB-46F016C3210B}.Debug|Any CPU.Build.0 = Debug|Any CPU
		{A289B8AF-CCD7-4E1E-B8EB-46F016C3210B}.Release|Any CPU.ActiveCfg = Release|Any CPU
		{A289B8AF-CCD7-4E1E-B8EB-46F016C3210B}.Release|Any CPU.Build.0 = Release|Any CPU
	EndGlobalSection
	GlobalSection(SolutionProperties) = preSolution
		HideSolutionNode = FALSE
	EndGlobalSection
	GlobalSection(ExtensibilityGlobals) = postSolution
		SolutionGuid = {0D398372-DBC3-407C-8C2E-7A7DE4311C55}
	EndGlobalSection
EndGlobal
